
Microsoft Visual Studio Solution File, Format Version 12.00
# Visual Studio Version 17
VisualStudioVersion = 17.6.33620.401
MinimumVisualStudioVersion = 10.0.40219.1
Project("{9A19103F-16F7-4668-BE54-9A1E7A4F7556}") = "CestovnePrikazy", "CestovnePrikazy.csproj", "{A7097BDD-24F9-4246-AD82-E37A55D99365}"
EndProject
Global
	GlobalSection(SolutionConfigurationPlatforms) = preSolution
		Debug|Any CPU = Debug|Any CPU
		Release|Any CPU = Release|Any CPU
	EndGlobalSection
	GlobalSection(ProjectConfigurationPlatforms) = postSolution
		{A7097BDD-24F9-4246-AD82-E37A55D99365}.Debug|Any CPU.ActiveCfg = Debug|Any CPU
		{A7097BDD-24F9-4246-AD82-E37A55D99365}.Debug|Any CPU.Build.0 = Debug|Any CPU
		{A7097BDD-24F9-4246-AD82-E37A55D99365}.Release|Any CPU.ActiveCfg = Release|Any CPU
		{A7097BDD-24F9-4246-AD82-E37A55D99365}.Release|Any CPU.Build.0 = Release|Any CPU
	EndGlobalSection
	GlobalSection(SolutionProperties) = preSolution
		HideSolutionNode = FALSE
	EndGlobalSection
	GlobalSection(ExtensibilityGlobals) = postSolution
		SolutionGuid = {0DE58935-A257-42E5-BCE0-D76C9301AD09}
	EndGlobalSection
EndGlobal
